// !$*UTF8*$!
{
	archiveVersion = 1;
	classes = {
	};
	objectVersion = 50;
	objects = {

/* Begin PBXBuildFile section */
		9D0A310120A357360040D719 /* ClaimsViewController.swift in Sources */ = {isa = PBXBuildFile; fileRef = 9D0A310020A357360040D719 /* ClaimsViewController.swift */; };
		9D0A310320A35A9D0040D719 /* TermsViewController.swift in Sources */ = {isa = PBXBuildFile; fileRef = 9D0A310220A35A9D0040D719 /* TermsViewController.swift */; };
		9D0A310520A35B940040D719 /* PolicyViewController.swift in Sources */ = {isa = PBXBuildFile; fileRef = 9D0A310420A35B940040D719 /* PolicyViewController.swift */; };
		9D0A310720A35C470040D719 /* ProfileViewController.swift in Sources */ = {isa = PBXBuildFile; fileRef = 9D0A310620A35C470040D719 /* ProfileViewController.swift */; };
		9D16C8BF208A909200E98314 /* AppDelegate.swift in Sources */ = {isa = PBXBuildFile; fileRef = 9D16C8BE208A909200E98314 /* AppDelegate.swift */; };
		9D16C8C4208A909200E98314 /* Main.storyboard in Resources */ = {isa = PBXBuildFile; fileRef = 9D16C8C2208A909200E98314 /* Main.storyboard */; };
		9D16C8C6208A909300E98314 /* Assets.xcassets in Resources */ = {isa = PBXBuildFile; fileRef = 9D16C8C5208A909300E98314 /* Assets.xcassets */; };
		9D16C8C9208A909300E98314 /* LaunchScreen.storyboard in Resources */ = {isa = PBXBuildFile; fileRef = 9D16C8C7208A909300E98314 /* LaunchScreen.storyboard */; };
		9D16C8D1208A99B800E98314 /* RegistrationViewController.swift in Sources */ = {isa = PBXBuildFile; fileRef = 9D16C8D0208A99B800E98314 /* RegistrationViewController.swift */; };
		9D16C8D3208A9A1C00E98314 /* AppLaunchViewController.swift in Sources */ = {isa = PBXBuildFile; fileRef = 9D16C8D2208A9A1C00E98314 /* AppLaunchViewController.swift */; };
		9D16C8D5208A9A5000E98314 /* LoginViewController.swift in Sources */ = {isa = PBXBuildFile; fileRef = 9D16C8D4208A9A5000E98314 /* LoginViewController.swift */; };
		9D16C8D7208AA5D400E98314 /* HomeScreenViewController.swift in Sources */ = {isa = PBXBuildFile; fileRef = 9D16C8D6208AA5D400E98314 /* HomeScreenViewController.swift */; };
		9D7FB1CE20A267AA00350B25 /* BaseViewController.swift in Sources */ = {isa = PBXBuildFile; fileRef = 9D7FB1CD20A267AA00350B25 /* BaseViewController.swift */; };
		9D7FB1D020A268CB00350B25 /* MenuViewController.swift in Sources */ = {isa = PBXBuildFile; fileRef = 9D7FB1CF20A268CB00350B25 /* MenuViewController.swift */; };
		9D7FB1D220A2700500350B25 /* MenuTableViewCell.swift in Sources */ = {isa = PBXBuildFile; fileRef = 9D7FB1D120A2700500350B25 /* MenuTableViewCell.swift */; };
		A3FEE1A211C145B90C83333B /* Pods_SignUp_SIgnIn_with_Keychain.framework in Frameworks */ = {isa = PBXBuildFile; fileRef = D8232FAAF8F16BE23FC5AC2F /* Pods_SignUp_SIgnIn_with_Keychain.framework */; };
/* End PBXBuildFile section */

/* Begin PBXFileReference section */
		2D4C7CD90A1FC38134CFE0A1 /* Pods-SignUp SIgnIn with Keychain.release.xcconfig */ = {isa = PBXFileReference; includeInIndex = 1; lastKnownFileType = text.xcconfig; name = "Pods-SignUp SIgnIn with Keychain.release.xcconfig"; path = "Pods/Target Support Files/Pods-SignUp SIgnIn with Keychain/Pods-SignUp SIgnIn with Keychain.release.xcconfig"; sourceTree = "<group>"; };
		9D0A310020A357360040D719 /* ClaimsViewController.swift */ = {isa = PBXFileReference; lastKnownFileType = sourcecode.swift; path = ClaimsViewController.swift; sourceTree = "<group>"; };
		9D0A310220A35A9D0040D719 /* TermsViewController.swift */ = {isa = PBXFileReference; lastKnownFileType = sourcecode.swift; path = TermsViewController.swift; sourceTree = "<group>"; };
		9D0A310420A35B940040D719 /* PolicyViewController.swift */ = {isa = PBXFileReference; lastKnownFileType = sourcecode.swift; path = PolicyViewController.swift; sourceTree = "<group>"; };
		9D0A310620A35C470040D719 /* ProfileViewController.swift */ = {isa = PBXFileReference; lastKnownFileType = sourcecode.swift; path = ProfileViewController.swift; sourceTree = "<group>"; };
		9D16C8BB208A909200E98314 /* SignUp SIgnIn with Keychain.app */ = {isa = PBXFileReference; explicitFileType = wrapper.application; includeInIndex = 0; path = "SignUp SIgnIn with Keychain.app"; sourceTree = BUILT_PRODUCTS_DIR; };
		9D16C8BE208A909200E98314 /* AppDelegate.swift */ = {isa = PBXFileReference; lastKnownFileType = sourcecode.swift; path = AppDelegate.swift; sourceTree = "<group>"; };
		9D16C8C3208A909200E98314 /* Base */ = {isa = PBXFileReference; lastKnownFileType = file.storyboard; name = Base; path = Base.lproj/Main.storyboard; sourceTree = "<group>"; };
		9D16C8C5208A909300E98314 /* Assets.xcassets */ = {isa = PBXFileReference; lastKnownFileType = folder.assetcatalog; path = Assets.xcassets; sourceTree = "<group>"; };
		9D16C8C8208A909300E98314 /* Base */ = {isa = PBXFileReference; lastKnownFileType = file.storyboard; name = Base; path = Base.lproj/LaunchScreen.storyboard; sourceTree = "<group>"; };
		9D16C8CA208A909300E98314 /* Info.plist */ = {isa = PBXFileReference; lastKnownFileType = text.plist.xml; path = Info.plist; sourceTree = "<group>"; };
		9D16C8D0208A99B800E98314 /* RegistrationViewController.swift */ = {isa = PBXFileReference; lastKnownFileType = sourcecode.swift; path = RegistrationViewController.swift; sourceTree = "<group>"; };
		9D16C8D2208A9A1C00E98314 /* AppLaunchViewController.swift */ = {isa = PBXFileReference; lastKnownFileType = sourcecode.swift; path = AppLaunchViewController.swift; sourceTree = "<group>"; };
		9D16C8D4208A9A5000E98314 /* LoginViewController.swift */ = {isa = PBXFileReference; lastKnownFileType = sourcecode.swift; path = LoginViewController.swift; sourceTree = "<group>"; };
		9D16C8D6208AA5D400E98314 /* HomeScreenViewController.swift */ = {isa = PBXFileReference; lastKnownFileType = sourcecode.swift; path = HomeScreenViewController.swift; sourceTree = "<group>"; };
		9D7FB1CD20A267AA00350B25 /* BaseViewController.swift */ = {isa = PBXFileReference; fileEncoding = 4; lastKnownFileType = sourcecode.swift; path = BaseViewController.swift; sourceTree = "<group>"; };
		9D7FB1CF20A268CB00350B25 /* MenuViewController.swift */ = {isa = PBXFileReference; lastKnownFileType = sourcecode.swift; path = MenuViewController.swift; sourceTree = "<group>"; };
		9D7FB1D120A2700500350B25 /* MenuTableViewCell.swift */ = {isa = PBXFileReference; lastKnownFileType = sourcecode.swift; path = MenuTableViewCell.swift; sourceTree = "<group>"; };
		B18ECB8849E6EF6151B26CEA /* Pods-SignUp SIgnIn with Keychain.debug.xcconfig */ = {isa = PBXFileReference; includeInIndex = 1; lastKnownFileType = text.xcconfig; name = "Pods-SignUp SIgnIn with Keychain.debug.xcconfig"; path = "Pods/Target Support Files/Pods-SignUp SIgnIn with Keychain/Pods-SignUp SIgnIn with Keychain.debug.xcconfig"; sourceTree = "<group>"; };
		D8232FAAF8F16BE23FC5AC2F /* Pods_SignUp_SIgnIn_with_Keychain.framework */ = {isa = PBXFileReference; explicitFileType = wrapper.framework; includeInIndex = 0; path = Pods_SignUp_SIgnIn_with_Keychain.framework; sourceTree = BUILT_PRODUCTS_DIR; };
/* End PBXFileReference section */

/* Begin PBXFrameworksBuildPhase section */
		9D16C8B8208A909100E98314 /* Frameworks */ = {
			isa = PBXFrameworksBuildPhase;
			buildActionMask = 2147483647;
			files = (
				A3FEE1A211C145B90C83333B /* Pods_SignUp_SIgnIn_with_Keychain.framework in Frameworks */,
			);
			runOnlyForDeploymentPostprocessing = 0;
		};
/* End PBXFrameworksBuildPhase section */

/* Begin PBXGroup section */
		9B55EB7B926268C71049641C /* Pods */ = {
			isa = PBXGroup;
			children = (
				B18ECB8849E6EF6151B26CEA /* Pods-SignUp SIgnIn with Keychain.debug.xcconfig */,
				2D4C7CD90A1FC38134CFE0A1 /* Pods-SignUp SIgnIn with Keychain.release.xcconfig */,
			);
			name = Pods;
			sourceTree = "<group>";
		};
		9D16C8B2208A909100E98314 = {
			isa = PBXGroup;
			children = (
				9D16C8BD208A909200E98314 /* signUpJSONtry */,
				9D16C8BC208A909200E98314 /* Products */,
				9B55EB7B926268C71049641C /* Pods */,
				AD1E2BF750D0DAB962177814 /* Frameworks */,
			);
			sourceTree = "<group>";
		};
		9D16C8BC208A909200E98314 /* Products */ = {
			isa = PBXGroup;
			children = (
				9D16C8BB208A909200E98314 /* SignUp SIgnIn with Keychain.app */,
			);
			name = Products;
			sourceTree = "<group>";
		};
		9D16C8BD208A909200E98314 /* signUpJSONtry */ = {
			isa = PBXGroup;
			children = (
				9D16C8BE208A909200E98314 /* AppDelegate.swift */,
				9D7FB1CD20A267AA00350B25 /* BaseViewController.swift */,
				9D16C8C2208A909200E98314 /* Main.storyboard */,
				9D0A310620A35C470040D719 /* ProfileViewController.swift */,
				9D0A310420A35B940040D719 /* PolicyViewController.swift */,
				9D0A310220A35A9D0040D719 /* TermsViewController.swift */,
				9D0A310020A357360040D719 /* ClaimsViewController.swift */,
				9D7FB1D120A2700500350B25 /* MenuTableViewCell.swift */,
				9D7FB1CF20A268CB00350B25 /* MenuViewController.swift */,
				9D16C8D6208AA5D400E98314 /* HomeScreenViewController.swift */,
				9D16C8D4208A9A5000E98314 /* LoginViewController.swift */,
				9D16C8D2208A9A1C00E98314 /* AppLaunchViewController.swift */,
				9D16C8D0208A99B800E98314 /* RegistrationViewController.swift */,
				9D16C8C5208A909300E98314 /* Assets.xcassets */,
				9D16C8C7208A909300E98314 /* LaunchScreen.storyboard */,
				9D16C8CA208A909300E98314 /* Info.plist */,
			);
			path = signUpJSONtry;
			sourceTree = "<group>";
		};
		AD1E2BF750D0DAB962177814 /* Frameworks */ = {
			isa = PBXGroup;
			children = (
				D8232FAAF8F16BE23FC5AC2F /* Pods_SignUp_SIgnIn_with_Keychain.framework */,
			);
			name = Frameworks;
			sourceTree = "<group>";
		};
/* End PBXGroup section */

/* Begin PBXNativeTarget section */
		9D16C8BA208A909100E98314 /* SignUp SIgnIn with Keychain */ = {
			isa = PBXNativeTarget;
			buildConfigurationList = 9D16C8CD208A909300E98314 /* Build configuration list for PBXNativeTarget "SignUp SIgnIn with Keychain" */;
			buildPhases = (
				CCF762AEEEBB1B685A36A985 /* [CP] Check Pods Manifest.lock */,
				9D16C8B7208A909100E98314 /* Sources */,
				9D16C8B8208A909100E98314 /* Frameworks */,
				9D16C8B9208A909100E98314 /* Resources */,
				14D99D1A2B77DDEFAD682243 /* [CP] Embed Pods Frameworks */,
				7503B2CC8DA819932469903F /* [CP] Copy Pods Resources */,
			);
			buildRules = (
			);
			dependencies = (
			);
			name = "SignUp SIgnIn with Keychain";
			productName = signUpJSONtry;
			productReference = 9D16C8BB208A909200E98314 /* SignUp SIgnIn with Keychain.app */;
			productType = "com.apple.product-type.application";
		};
/* End PBXNativeTarget section */

/* Begin PBXProject section */
		9D16C8B3208A909100E98314 /* Project object */ = {
			isa = PBXProject;
			attributes = {
				LastSwiftUpdateCheck = 0930;
				LastUpgradeCheck = 0930;
				ORGANIZATIONNAME = "Kanwar Sudeep Singh Sandhu";
				TargetAttributes = {
					9D16C8BA208A909100E98314 = {
						CreatedOnToolsVersion = 9.3;
					};
				};
			};
			buildConfigurationList = 9D16C8B6208A909100E98314 /* Build configuration list for PBXProject "SignUp SIgnIn with Keychain" */;
			compatibilityVersion = "Xcode 9.3";
			developmentRegion = en;
			hasScannedForEncodings = 0;
			knownRegions = (
				en,
				Base,
			);
			mainGroup = 9D16C8B2208A909100E98314;
			productRefGroup = 9D16C8BC208A909200E98314 /* Products */;
			projectDirPath = "";
			projectRoot = "";
			targets = (
				9D16C8BA208A909100E98314 /* SignUp SIgnIn with Keychain */,
			);
		};
/* End PBXProject section */

/* Begin PBXResourcesBuildPhase section */
		9D16C8B9208A909100E98314 /* Resources */ = {
			isa = PBXResourcesBuildPhase;
			buildActionMask = 2147483647;
			files = (
				9D16C8C9208A909300E98314 /* LaunchScreen.storyboard in Resources */,
				9D16C8C6208A909300E98314 /* Assets.xcassets in Resources */,
				9D16C8C4208A909200E98314 /* Main.storyboard in Resources */,
			);
			runOnlyForDeploymentPostprocessing = 0;
		};
/* End PBXResourcesBuildPhase section */

/* Begin PBXShellScriptBuildPhase section */
		14D99D1A2B77DDEFAD682243 /* [CP] Embed Pods Frameworks */ = {
			isa = PBXShellScriptBuildPhase;
			buildActionMask = 2147483647;
			files = (
			);
			inputPaths = (
				"${SRCROOT}/Pods/Target Support Files/Pods-SignUp SIgnIn with Keychain/Pods-SignUp SIgnIn with Keychain-frameworks.sh",
				"${BUILT_PRODUCTS_DIR}/GTMOAuth2/GTMOAuth2.framework",
				"${BUILT_PRODUCTS_DIR}/GTMSessionFetcher/GTMSessionFetcher.framework",
				"${BUILT_PRODUCTS_DIR}/GoogleToolboxForMac/GoogleToolboxForMac.framework",
				"${BUILT_PRODUCTS_DIR}/SVProgressHUD/SVProgressHUD.framework",
			);
			name = "[CP] Embed Pods Frameworks";
			outputPaths = (
				"${TARGET_BUILD_DIR}/${FRAMEWORKS_FOLDER_PATH}/GTMOAuth2.framework",
				"${TARGET_BUILD_DIR}/${FRAMEWORKS_FOLDER_PATH}/GTMSessionFetcher.framework",
				"${TARGET_BUILD_DIR}/${FRAMEWORKS_FOLDER_PATH}/GoogleToolboxForMac.framework",
				"${TARGET_BUILD_DIR}/${FRAMEWORKS_FOLDER_PATH}/SVProgressHUD.framework",
			);
			runOnlyForDeploymentPostprocessing = 0;
			shellPath = /bin/sh;
			shellScript = "\"${SRCROOT}/Pods/Target Support Files/Pods-SignUp SIgnIn with Keychain/Pods-SignUp SIgnIn with Keychain-frameworks.sh\"\n";
			showEnvVarsInLog = 0;
		};
		7503B2CC8DA819932469903F /* [CP] Copy Pods Resources */ = {
			isa = PBXShellScriptBuildPhase;
			buildActionMask = 2147483647;
			files = (
			);
			inputPaths = (
				"${SRCROOT}/Pods/Target Support Files/Pods-SignUp SIgnIn with Keychain/Pods-SignUp SIgnIn with Keychain-resources.sh",
				"${PODS_ROOT}/GoogleSignIn/Resources/GoogleSignIn.bundle",
			);
			name = "[CP] Copy Pods Resources";
			outputPaths = (
				"${TARGET_BUILD_DIR}/${UNLOCALIZED_RESOURCES_FOLDER_PATH}/GoogleSignIn.bundle",
			);
			runOnlyForDeploymentPostprocessing = 0;
			shellPath = /bin/sh;
			shellScript = "\"${SRCROOT}/Pods/Target Support Files/Pods-SignUp SIgnIn with Keychain/Pods-SignUp SIgnIn with Keychain-resources.sh\"\n";
			showEnvVarsInLog = 0;
		};
		CCF762AEEEBB1B685A36A985 /* [CP] Check Pods Manifest.lock */ = {
			isa = PBXShellScriptBuildPhase;
			buildActionMask = 2147483647;
			files = (
			);
			inputPaths = (
				"${PODS_PODFILE_DIR_PATH}/Podfile.lock",
				"${PODS_ROOT}/Manifest.lock",
			);
			name = "[CP] Check Pods Manifest.lock";
			outputPaths = (
				"$(DERIVED_FILE_DIR)/Pods-SignUp SIgnIn with Keychain-checkManifestLockResult.txt",
			);
			runOnlyForDeploymentPostprocessing = 0;
			shellPath = /bin/sh;
			shellScript = "diff \"${PODS_PODFILE_DIR_PATH}/Podfile.lock\" \"${PODS_ROOT}/Manifest.lock\" > /dev/null\nif [ $? != 0 ] ; then\n    # print error to STDERR\n    echo \"error: The sandbox is not in sync with the Podfile.lock. Run 'pod install' or update your CocoaPods installation.\" >&2\n    exit 1\nfi\n# This output is used by Xcode 'outputs' to avoid re-running this script phase.\necho \"SUCCESS\" > \"${SCRIPT_OUTPUT_FILE_0}\"\n";
			showEnvVarsInLog = 0;
		};
/* End PBXShellScriptBuildPhase section */

/* Begin PBXSourcesBuildPhase section */
		9D16C8B7208A909100E98314 /* Sources */ = {
			isa = PBXSourcesBuildPhase;
			buildActionMask = 2147483647;
			files = (
				9D16C8D1208A99B800E98314 /* RegistrationViewController.swift in Sources */,
				9D16C8BF208A909200E98314 /* AppDelegate.swift in Sources */,
				9D7FB1D220A2700500350B25 /* MenuTableViewCell.swift in Sources */,
				9D16C8D5208A9A5000E98314 /* LoginViewController.swift in Sources */,
				9D0A310320A35A9D0040D719 /* TermsViewController.swift in Sources */,
				9D0A310120A357360040D719 /* ClaimsViewController.swift in Sources */,
				9D0A310720A35C470040D719 /* ProfileViewController.swift in Sources */,
				9D7FB1D020A268CB00350B25 /* MenuViewController.swift in Sources */,
				9D0A310520A35B940040D719 /* PolicyViewController.swift in Sources */,
				9D16C8D3208A9A1C00E98314 /* AppLaunchViewController.swift in Sources */,
				9D16C8D7208AA5D400E98314 /* HomeScreenViewController.swift in Sources */,
				9D7FB1CE20A267AA00350B25 /* BaseViewController.swift in Sources */,
			);
			runOnlyForDeploymentPostprocessing = 0;
		};
/* End PBXSourcesBuildPhase section */

/* Begin PBXVariantGroup section */
		9D16C8C2208A909200E98314 /* Main.storyboard */ = {
			isa = PBXVariantGroup;
			children = (
				9D16C8C3208A909200E98314 /* Base */,
			);
			name = Main.storyboard;
			sourceTree = "<group>";
		};
		9D16C8C7208A909300E98314 /* LaunchScreen.storyboard */ = {
			isa = PBXVariantGroup;
			children = (
				9D16C8C8208A909300E98314 /* Base */,
			);
			name = LaunchScreen.storyboard;
			sourceTree = "<group>";
		};
/* End PBXVariantGroup section */

/* Begin XCBuildConfiguration section */
		9D16C8CB208A909300E98314 /* Debug */ = {
			isa = XCBuildConfiguration;
			buildSettings = {
				ALWAYS_SEARCH_USER_PATHS = NO;
				CLANG_ANALYZER_NONNULL = YES;
				CLANG_ANALYZER_NUMBER_OBJECT_CONVERSION = YES_AGGRESSIVE;
				CLANG_CXX_LANGUAGE_STANDARD = "gnu++14";
				CLANG_CXX_LIBRARY = "libc++";
				CLANG_ENABLE_MODULES = YES;
				CLANG_ENABLE_OBJC_ARC = YES;
				CLANG_ENABLE_OBJC_WEAK = YES;
				CLANG_WARN_BLOCK_CAPTURE_AUTORELEASING = YES;
				CLANG_WARN_BOOL_CONVERSION = YES;
				CLANG_WARN_COMMA = YES;
				CLANG_WARN_CONSTANT_CONVERSION = YES;
				CLANG_WARN_DEPRECATED_OBJC_IMPLEMENTATIONS = YES;
				CLANG_WARN_DIRECT_OBJC_ISA_USAGE = YES_ERROR;
				CLANG_WARN_DOCUMENTATION_COMMENTS = YES;
				CLANG_WARN_EMPTY_BODY = YES;
				CLANG_WARN_ENUM_CONVERSION = YES;
				CLANG_WARN_INFINITE_RECURSION = YES;
				CLANG_WARN_INT_CONVERSION = YES;
				CLANG_WARN_NON_LITERAL_NULL_CONVERSION = YES;
				CLANG_WARN_OBJC_IMPLICIT_RETAIN_SELF = YES;
				CLANG_WARN_OBJC_LITERAL_CONVERSION = YES;
				CLANG_WARN_OBJC_ROOT_CLASS = YES_ERROR;
				CLANG_WARN_RANGE_LOOP_ANALYSIS = YES;
				CLANG_WARN_STRICT_PROTOTYPES = YES;
				CLANG_WARN_SUSPICIOUS_MOVE = YES;
				CLANG_WARN_UNGUARDED_AVAILABILITY = YES_AGGRESSIVE;
				CLANG_WARN_UNREACHABLE_CODE = YES;
				CLANG_WARN__DUPLICATE_METHOD_MATCH = YES;
				CODE_SIGN_IDENTITY = "iPhone Developer";
				COPY_PHASE_STRIP = NO;
				DEBUG_INFORMATION_FORMAT = dwarf;
				ENABLE_STRICT_OBJC_MSGSEND = YES;
				ENABLE_TESTABILITY = YES;
				GCC_C_LANGUAGE_STANDARD = gnu11;
				GCC_DYNAMIC_NO_PIC = NO;
				GCC_NO_COMMON_BLOCKS = YES;
				GCC_OPTIMIZATION_LEVEL = 0;
				GCC_PREPROCESSOR_DEFINITIONS = (
					"DEBUG=1",
					"$(inherited)",
				);
				GCC_WARN_64_TO_32_BIT_CONVERSION = YES;
				GCC_WARN_ABOUT_RETURN_TYPE = YES_ERROR;
				GCC_WARN_UNDECLARED_SELECTOR = YES;
				GCC_WARN_UNINITIALIZED_AUTOS = YES_AGGRESSIVE;
				GCC_WARN_UNUSED_FUNCTION = YES;
				GCC_WARN_UNUSED_VARIABLE = YES;
				IPHONEOS_DEPLOYMENT_TARGET = 11.3;
				MTL_ENABLE_DEBUG_INFO = YES;
				ONLY_ACTIVE_ARCH = YES;
				SDKROOT = iphoneos;
				SWIFT_ACTIVE_COMPILATION_CONDITIONS = DEBUG;
				SWIFT_OPTIMIZATION_LEVEL = "-Onone";
			};
			name = Debug;
		};
		9D16C8CC208A909300E98314 /* Release */ = {
			isa = XCBuildConfiguration;
			buildSettings = {
				ALWAYS_SEARCH_USER_PATHS = NO;
				CLANG_ANALYZER_NONNULL = YES;
				CLANG_ANALYZER_NUMBER_OBJECT_CONVERSION = YES_AGGRESSIVE;
				CLANG_CXX_LANGUAGE_STANDARD = "gnu++14";
				CLANG_CXX_LIBRARY = "libc++";
				CLANG_ENABLE_MODULES = YES;
				CLANG_ENABLE_OBJC_ARC = YES;
				CLANG_ENABLE_OBJC_WEAK = YES;
				CLANG_WARN_BLOCK_CAPTURE_AUTORELEASING = YES;
				CLANG_WARN_BOOL_CONVERSION = YES;
				CLANG_WARN_COMMA = YES;
				CLANG_WARN_CONSTANT_CONVERSION = YES;
				CLANG_WARN_DEPRECATED_OBJC_IMPLEMENTATIONS = YES;
				CLANG_WARN_DIRECT_OBJC_ISA_USAGE = YES_ERROR;
				CLANG_WARN_DOCUMENTATION_COMMENTS = YES;
				CLANG_WARN_EMPTY_BODY = YES;
				CLANG_WARN_ENUM_CONVERSION = YES;
				CLANG_WARN_INFINITE_RECURSION = YES;
				CLANG_WARN_INT_CONVERSION = YES;
				CLANG_WARN_NON_LITERAL_NULL_CONVERSION = YES;
				CLANG_WARN_OBJC_IMPLICIT_RETAIN_SELF = YES;
				CLANG_WARN_OBJC_LITERAL_CONVERSION = YES;
				CLANG_WARN_OBJC_ROOT_CLASS = YES_ERROR;
				CLANG_WARN_RANGE_LOOP_ANALYSIS = YES;
				CLANG_WARN_STRICT_PROTOTYPES = YES;
				CLANG_WARN_SUSPICIOUS_MOVE = YES;
				CLANG_WARN_UNGUARDED_AVAILABILITY = YES_AGGRESSIVE;
				CLANG_WARN_UNREACHABLE_CODE = YES;
				CLANG_WARN__DUPLICATE_METHOD_MATCH = YES;
				CODE_SIGN_IDENTITY = "iPhone Developer";
				COPY_PHASE_STRIP = NO;
				DEBUG_INFORMATION_FORMAT = "dwarf-with-dsym";
				ENABLE_NS_ASSERTIONS = NO;
				ENABLE_STRICT_OBJC_MSGSEND = YES;
				GCC_C_LANGUAGE_STANDARD = gnu11;
				GCC_NO_COMMON_BLOCKS = YES;
				GCC_WARN_64_TO_32_BIT_CONVERSION = YES;
				GCC_WARN_ABOUT_RETURN_TYPE = YES_ERROR;
				GCC_WARN_UNDECLARED_SELECTOR = YES;
				GCC_WARN_UNINITIALIZED_AUTOS = YES_AGGRESSIVE;
				GCC_WARN_UNUSED_FUNCTION = YES;
				GCC_WARN_UNUSED_VARIABLE = YES;
				IPHONEOS_DEPLOYMENT_TARGET = 11.3;
				MTL_ENABLE_DEBUG_INFO = NO;
				SDKROOT = iphoneos;
				SWIFT_COMPILATION_MODE = wholemodule;
				SWIFT_OPTIMIZATION_LEVEL = "-O";
				VALIDATE_PRODUCT = YES;
			};
			name = Release;
		};
		9D16C8CE208A909300E98314 /* Debug */ = {
			isa = XCBuildConfiguration;
			baseConfigurationReference = B18ECB8849E6EF6151B26CEA /* Pods-SignUp SIgnIn with Keychain.debug.xcconfig */;
			buildSettings = {
				ASSETCATALOG_COMPILER_APPICON_NAME = AppIcon;
				CODE_SIGN_STYLE = Automatic;
				DEVELOPMENT_TEAM = TT787LYYEJ;
				INFOPLIST_FILE = signUpJSONtry/Info.plist;
				LD_RUNPATH_SEARCH_PATHS = (
					"$(inherited)",
					"@executable_path/Frameworks",
				);
				PRODUCT_BUNDLE_IDENTIFIER = com.kanwar.signUpJSONtry;
				PRODUCT_NAME = "$(TARGET_NAME)";
				SWIFT_VERSION = 4.0;
				TARGETED_DEVICE_FAMILY = "1,2";
			};
			name = Debug;
		};
		9D16C8CF208A909300E98314 /* Release */ = {
			isa = XCBuildConfiguration;
			baseConfigurationReference = 2D4C7CD90A1FC38134CFE0A1 /* Pods-SignUp SIgnIn with Keychain.release.xcconfig */;
			buildSettings = {
				ASSETCATALOG_COMPILER_APPICON_NAME = AppIcon;
				CODE_SIGN_STYLE = Automatic;
				DEVELOPMENT_TEAM = TT787LYYEJ;
				INFOPLIST_FILE = signUpJSONtry/Info.plist;
				LD_RUNPATH_SEARCH_PATHS = (
					"$(inherited)",
					"@executable_path/Frameworks",
				);
				PRODUCT_BUNDLE_IDENTIFIER = com.kanwar.signUpJSONtry;
				PRODUCT_NAME = "$(TARGET_NAME)";
				SWIFT_VERSION = 4.0;
				TARGETED_DEVICE_FAMILY = "1,2";
			};
			name = Release;
		};
/* End XCBuildConfiguration section */

/* Begin XCConfigurationList section */
		9D16C8B6208A909100E98314 /* Build configuration list for PBXProject "SignUp SIgnIn with Keychain" */ = {
			isa = XCConfigurationList;
			buildConfigurations = (
				9D16C8CB208A909300E98314 /* Debug */,
				9D16C8CC208A909300E98314 /* Release */,
			);
			defaultConfigurationIsVisible = 0;
			defaultConfigurationName = Release;
		};
		9D16C8CD208A909300E98314 /* Build configuration list for PBXNativeTarget "SignUp SIgnIn with Keychain" */ = {
			isa = XCConfigurationList;
			buildConfigurations = (
				9D16C8CE208A909300E98314 /* Debug */,
				9D16C8CF208A909300E98314 /* Release */,
			);
			defaultConfigurationIsVisible = 0;
			defaultConfigurationName = Release;
		};
/* End XCConfigurationList section */
	};
	rootObject = 9D16C8B3208A909100E98314 /* Project object */;
}
